
Microsoft Visual Studio Solution File, Format Version 12.00
# Visual Studio Version 17
VisualStudioVersion = 17.8.34511.84
MinimumVisualStudioVersion = 10.0.40219.1
Project("{FAE04EC0-301F-11D3-BF4B-00C04F79EFBC}") = "coba1", "coba1\coba1.csproj", "{164F213C-03F1-462E-9656-F3BFF1B24EBC}"
EndProject
Global
	GlobalSection(SolutionConfigurationPlatforms) = preSolution
		Debug|Any CPU = Debug|Any CPU
		Release|Any CPU = Release|Any CPU
	EndGlobalSection
	GlobalSection(ProjectConfigurationPlatforms) = postSolution
		{164F213C-03F1-462E-9656-F3BFF1B24EBC}.Debug|Any CPU.ActiveCfg = Debug|Any CPU
		{164F213C-03F1-462E-9656-F3BFF1B24EBC}.Debug|Any CPU.Build.0 = Debug|Any CPU
		{164F213C-03F1-462E-9656-F3BFF1B24EBC}.Release|Any CPU.ActiveCfg = Release|Any CPU
		{164F213C-03F1-462E-9656-F3BFF1B24EBC}.Release|Any CPU.Build.0 = Release|Any CPU
	EndGlobalSection
	GlobalSection(SolutionProperties) = preSolution
		HideSolutionNode = FALSE
	EndGlobalSection
	GlobalSection(ExtensibilityGlobals) = postSolution
		SolutionGuid = {FD16E7FE-3303-4FD5-A1D3-EDAF86F16CFD}
	EndGlobalSection
EndGlobal
